
Microsoft Visual Studio Solution File, Format Version 12.00
# Visual Studio Version 16
VisualStudioVersion = 16.0.31129.286
MinimumVisualStudioVersion = 10.0.40219.1
Project("{9A19103F-16F7-4668-BE54-9A1E7A4F7556}") = "ds-problems", "ds-problems\ds-problems.csproj", "{DDD7BB5E-ECD9-4A95-A81A-31B7AF27905C}"
EndProject
Global
	GlobalSection(SolutionConfigurationPlatforms) = preSolution
		Debug|Any CPU = Debug|Any CPU
		Release|Any CPU = Release|Any CPU
	EndGlobalSection
	GlobalSection(ProjectConfigurationPlatforms) = postSolution
		{DDD7BB5E-ECD9-4A95-A81A-31B7AF27905C}.Debug|Any CPU.ActiveCfg = Debug|Any CPU
		{DDD7BB5E-ECD9-4A95-A81A-31B7AF27905C}.Debug|Any CPU.Build.0 = Debug|Any CPU
		{DDD7BB5E-ECD9-4A95-A81A-31B7AF27905C}.Release|Any CPU.ActiveCfg = Release|Any CPU
		{DDD7BB5E-ECD9-4A95-A81A-31B7AF27905C}.Release|Any CPU.Build.0 = Release|Any CPU
	EndGlobalSection
	GlobalSection(SolutionProperties) = preSolution
		HideSolutionNode = FALSE
	EndGlobalSection
	GlobalSection(ExtensibilityGlobals) = postSolution
		SolutionGuid = {F1908660-28A5-45BF-9069-DC89425C8C09}
	EndGlobalSection
EndGlobal
